
Microsoft Visual Studio Solution File, Format Version 12.00
# Visual Studio Version 17
VisualStudioVersion = 17.9.34622.214
MinimumVisualStudioVersion = 10.0.40219.1
Project("{FAE04EC0-301F-11D3-BF4B-00C04F79EFBC}") = "csg_tree_generator", "csg_tree_generator\csg_tree_generator.csproj", "{EAF65305-0466-4F8F-99CE-F7213913A1B0}"
EndProject
Global
	GlobalSection(SolutionConfigurationPlatforms) = preSolution
		Debug|Any CPU = Debug|Any CPU
		Release|Any CPU = Release|Any CPU
	EndGlobalSection
	GlobalSection(ProjectConfigurationPlatforms) = postSolution
		{EAF65305-0466-4F8F-99CE-F7213913A1B0}.Debug|Any CPU.ActiveCfg = Debug|Any CPU
		{EAF65305-0466-4F8F-99CE-F7213913A1B0}.Debug|Any CPU.Build.0 = Debug|Any CPU
		{EAF65305-0466-4F8F-99CE-F7213913A1B0}.Release|Any CPU.ActiveCfg = Release|Any CPU
		{EAF65305-0466-4F8F-99CE-F7213913A1B0}.Release|Any CPU.Build.0 = Release|Any CPU
	EndGlobalSection
	GlobalSection(SolutionProperties) = preSolution
		HideSolutionNode = FALSE
	EndGlobalSection
	GlobalSection(ExtensibilityGlobals) = postSolution
		SolutionGuid = {F039021F-7308-4A6D-AD20-2FF2C55C54F7}
	EndGlobalSection
EndGlobal
